
Microsoft Visual Studio Solution File, Format Version 12.00
# Visual Studio Version 17
VisualStudioVersion = 17.7.34031.279
MinimumVisualStudioVersion = 10.0.40219.1
Project("{FAE04EC0-301F-11D3-BF4B-00C04F79EFBC}") = "apitechconecta-prototype", "apitechconecta-prototype.csproj", "{B728CC5D-79C7-460E-B5F3-BD975790DAAE}"
EndProject
Global
	GlobalSection(SolutionConfigurationPlatforms) = preSolution
		Debug|Any CPU = Debug|Any CPU
		Release|Any CPU = Release|Any CPU
	EndGlobalSection
	GlobalSection(ProjectConfigurationPlatforms) = postSolution
		{B728CC5D-79C7-460E-B5F3-BD975790DAAE}.Debug|Any CPU.ActiveCfg = Debug|Any CPU
		{B728CC5D-79C7-460E-B5F3-BD975790DAAE}.Debug|Any CPU.Build.0 = Debug|Any CPU
		{B728CC5D-79C7-460E-B5F3-BD975790DAAE}.Release|Any CPU.ActiveCfg = Release|Any CPU
		{B728CC5D-79C7-460E-B5F3-BD975790DAAE}.Release|Any CPU.Build.0 = Release|Any CPU
	EndGlobalSection
	GlobalSection(SolutionProperties) = preSolution
		HideSolutionNode = FALSE
	EndGlobalSection
	GlobalSection(ExtensibilityGlobals) = postSolution
		SolutionGuid = {E44BE441-9DE2-472F-AB80-F4FC31533E7A}
	EndGlobalSection
EndGlobal
